PODS:
  - Alamofire (5.4.3)
  - AlamofireImage (4.2.0):
    - Alamofire (~> 5.4)
  - IQKeyboardManagerSwift (6.5.6)
  - lottie-ios (3.2.3)

DEPENDENCIES:
  - Alamofire
  - AlamofireImage
  - IQKeyboardManagerSwift
  - lottie-ios

SPEC REPOS:
  trunk:
    - Alamofire
    - AlamofireImage
    - IQKeyboardManagerSwift
    - lottie-ios

SPEC CHECKSUMS:
  Alamofire: e447a2774a40c996748296fa2c55112fdbbc42f9
  AlamofireImage: 34a2d90b0e5fe6a5605f85ae4b7b01e784c60192
  IQKeyboardManagerSwift: c7df9d2deb356c04522f5c4b7b6e4ce4d8ed94fe
  lottie-ios: c058aeafa76daa4cf64d773554bccc8385d0150e

PODFILE CHECKSUM: 44e5d542808f4bd8ba39a9e507ba027bc1eed809

COCOAPODS: 1.10.2
